
Microsoft Visual Studio Solution File, Format Version 12.00
# Visual Studio Version 16
VisualStudioVersion = 16.0.28803.352
MinimumVisualStudioVersion = 10.0.40219.1
Project("{FAE04EC0-301F-11D3-BF4B-00C04F79EFBC}") = "Zestance-G", "Zestance-G\Zestance-G.csproj", "{438B4C6A-66F3-460A-A9CC-E4147E2C91D4}"
EndProject
Global
	GlobalSection(SolutionConfigurationPlatforms) = preSolution
		Debug|Any CPU = Debug|Any CPU
		Release|Any CPU = Release|Any CPU
	EndGlobalSection
	GlobalSection(ProjectConfigurationPlatforms) = postSolution
		{438B4C6A-66F3-460A-A9CC-E4147E2C91D4}.Debug|Any CPU.ActiveCfg = Debug|Any CPU
		{438B4C6A-66F3-460A-A9CC-E4147E2C91D4}.Debug|Any CPU.Build.0 = Debug|Any CPU
		{438B4C6A-66F3-460A-A9CC-E4147E2C91D4}.Release|Any CPU.ActiveCfg = Release|Any CPU
		{438B4C6A-66F3-460A-A9CC-E4147E2C91D4}.Release|Any CPU.Build.0 = Release|Any CPU
	EndGlobalSection
	GlobalSection(SolutionProperties) = preSolution
		HideSolutionNode = FALSE
	EndGlobalSection
	GlobalSection(ExtensibilityGlobals) = postSolution
		SolutionGuid = {34A0DB77-BE93-480B-AAB7-FAD32F35A9E2}
	EndGlobalSection
EndGlobal
